
Microsoft Visual Studio Solution File, Format Version 12.00
# Visual Studio Version 17
VisualStudioVersion = 17.0.31919.166
MinimumVisualStudioVersion = 10.0.40219.1
Project("{9A19103F-16F7-4668-BE54-9A1E7A4F7556}") = "SFA.DAS.Funding.IntegrationTests.Infrastructure", "SFA.DAS.Funding.IntegrationTests.Infrastructure\SFA.DAS.Funding.IntegrationTests.Infrastructure.csproj", "{7AF6BBD9-A8CC-4AD2-9186-58507D104431}"
EndProject
Project("{9A19103F-16F7-4668-BE54-9A1E7A4F7556}") = "SFA.DAS.Funding.IntegrationTests", "SFA.DAS.Funding.IntergrationTests\SFA.DAS.Funding.IntegrationTests.csproj", "{2BFEED6F-529A-45A0-A229-43E3658CB0FE}"
EndProject
Global
	GlobalSection(SolutionConfigurationPlatforms) = preSolution
		Debug|Any CPU = Debug|Any CPU
		Release|Any CPU = Release|Any CPU
	EndGlobalSection
	GlobalSection(ProjectConfigurationPlatforms) = postSolution
		{7AF6BBD9-A8CC-4AD2-9186-58507D104431}.Debug|Any CPU.ActiveCfg = Debug|Any CPU
		{7AF6BBD9-A8CC-4AD2-9186-58507D104431}.Debug|Any CPU.Build.0 = Debug|Any CPU
		{7AF6BBD9-A8CC-4AD2-9186-58507D104431}.Release|Any CPU.ActiveCfg = Release|Any CPU
		{7AF6BBD9-A8CC-4AD2-9186-58507D104431}.Release|Any CPU.Build.0 = Release|Any CPU
		{2BFEED6F-529A-45A0-A229-43E3658CB0FE}.Debug|Any CPU.ActiveCfg = Debug|Any CPU
		{2BFEED6F-529A-45A0-A229-43E3658CB0FE}.Debug|Any CPU.Build.0 = Debug|Any CPU
		{2BFEED6F-529A-45A0-A229-43E3658CB0FE}.Release|Any CPU.ActiveCfg = Release|Any CPU
		{2BFEED6F-529A-45A0-A229-43E3658CB0FE}.Release|Any CPU.Build.0 = Release|Any CPU
	EndGlobalSection
	GlobalSection(SolutionProperties) = preSolution
		HideSolutionNode = FALSE
	EndGlobalSection
	GlobalSection(ExtensibilityGlobals) = postSolution
		SolutionGuid = {85351582-A099-4A1E-8343-AFD09658E409}
	EndGlobalSection
EndGlobal
