
Microsoft Visual Studio Solution File, Format Version 12.00
# Visual Studio Version 17
VisualStudioVersion = 17.0.31919.166
MinimumVisualStudioVersion = 10.0.40219.1
Project("{9A19103F-16F7-4668-BE54-9A1E7A4F7556}") = "SFA.DAS.Funding.SystemAcceptanceTests", "SFA.DAS.Funding.SystemAcceptanceTests\SFA.DAS.Funding.SystemAcceptanceTests.csproj", "{3FDEFA76-8FC2-4E1A-AB86-A18456F7C6D1}"
EndProject
Project("{9A19103F-16F7-4668-BE54-9A1E7A4F7556}") = "SFA.DAS.Funding.SystemAcceptanceTests.Infrastructure", "SFA.DAS.Funding.SystemAcceptanceTests.Infrastructure\SFA.DAS.Funding.SystemAcceptanceTests.Infrastructure.csproj", "{FA2D02ED-8188-4BBB-8A03-89245379487D}"
EndProject
Project("{FAE04EC0-301F-11D3-BF4B-00C04F79EFBC}") = "SFA.DAS.Payments.RequiredPayments.Messages", "SFA.DAS.Payments.RequiredPayments.Messages\SFA.DAS.Payments.RequiredPayments.Messages.csproj", "{0A05667F-E6A7-4008-85F8-D4D8089838F6}"
EndProject
Global
	GlobalSection(SolutionConfigurationPlatforms) = preSolution
		Debug|Any CPU = Debug|Any CPU
		Release|Any CPU = Release|Any CPU
	EndGlobalSection
	GlobalSection(ProjectConfigurationPlatforms) = postSolution
		{3FDEFA76-8FC2-4E1A-AB86-A18456F7C6D1}.Debug|Any CPU.ActiveCfg = Debug|Any CPU
		{3FDEFA76-8FC2-4E1A-AB86-A18456F7C6D1}.Debug|Any CPU.Build.0 = Debug|Any CPU
		{3FDEFA76-8FC2-4E1A-AB86-A18456F7C6D1}.Release|Any CPU.ActiveCfg = Release|Any CPU
		{3FDEFA76-8FC2-4E1A-AB86-A18456F7C6D1}.Release|Any CPU.Build.0 = Release|Any CPU
		{FA2D02ED-8188-4BBB-8A03-89245379487D}.Debug|Any CPU.ActiveCfg = Debug|Any CPU
		{FA2D02ED-8188-4BBB-8A03-89245379487D}.Debug|Any CPU.Build.0 = Debug|Any CPU
		{FA2D02ED-8188-4BBB-8A03-89245379487D}.Release|Any CPU.ActiveCfg = Release|Any CPU
		{FA2D02ED-8188-4BBB-8A03-89245379487D}.Release|Any CPU.Build.0 = Release|Any CPU
		{0A05667F-E6A7-4008-85F8-D4D8089838F6}.Debug|Any CPU.ActiveCfg = Debug|Any CPU
		{0A05667F-E6A7-4008-85F8-D4D8089838F6}.Debug|Any CPU.Build.0 = Debug|Any CPU
		{0A05667F-E6A7-4008-85F8-D4D8089838F6}.Release|Any CPU.ActiveCfg = Release|Any CPU
		{0A05667F-E6A7-4008-85F8-D4D8089838F6}.Release|Any CPU.Build.0 = Release|Any CPU
	EndGlobalSection
	GlobalSection(SolutionProperties) = preSolution
		HideSolutionNode = FALSE
	EndGlobalSection
	GlobalSection(ExtensibilityGlobals) = postSolution
		SolutionGuid = {85351582-A099-4A1E-8343-AFD09658E409}
	EndGlobalSection
EndGlobal
