
Microsoft Visual Studio Solution File, Format Version 12.00
# Visual Studio Version 17
VisualStudioVersion = 17.0.31919.166
MinimumVisualStudioVersion = 10.0.40219.1
Project("{FAE04EC0-301F-11D3-BF4B-00C04F79EFBC}") = "SFA.DAS.Funding.IntegrationTests", "SFA.DAS.Funding.IntegrationTests.csproj", "{FF06BC66-6ADC-4A37-8F4E-680F4E1103CA}"
EndProject
Project("{FAE04EC0-301F-11D3-BF4B-00C04F79EFBC}") = "SFA.DAS.Funding.IntegrationTests.Infrastructure", "..\SFA.DAS.Funding.IntegrationTests.Infrastructure\SFA.DAS.Funding.IntegrationTests.Infrastructure.csproj", "{5AB436E1-005D-4C38-99C3-363784AEAEF8}"
EndProject
Global
	GlobalSection(SolutionConfigurationPlatforms) = preSolution
		Debug|Any CPU = Debug|Any CPU
		Release|Any CPU = Release|Any CPU
	EndGlobalSection
	GlobalSection(ProjectConfigurationPlatforms) = postSolution
		{FF06BC66-6ADC-4A37-8F4E-680F4E1103CA}.Debug|Any CPU.ActiveCfg = Debug|Any CPU
		{FF06BC66-6ADC-4A37-8F4E-680F4E1103CA}.Debug|Any CPU.Build.0 = Debug|Any CPU
		{FF06BC66-6ADC-4A37-8F4E-680F4E1103CA}.Release|Any CPU.ActiveCfg = Release|Any CPU
		{FF06BC66-6ADC-4A37-8F4E-680F4E1103CA}.Release|Any CPU.Build.0 = Release|Any CPU
		{5AB436E1-005D-4C38-99C3-363784AEAEF8}.Debug|Any CPU.ActiveCfg = Debug|Any CPU
		{5AB436E1-005D-4C38-99C3-363784AEAEF8}.Debug|Any CPU.Build.0 = Debug|Any CPU
		{5AB436E1-005D-4C38-99C3-363784AEAEF8}.Release|Any CPU.ActiveCfg = Release|Any CPU
		{5AB436E1-005D-4C38-99C3-363784AEAEF8}.Release|Any CPU.Build.0 = Release|Any CPU
	EndGlobalSection
	GlobalSection(SolutionProperties) = preSolution
		HideSolutionNode = FALSE
	EndGlobalSection
	GlobalSection(ExtensibilityGlobals) = postSolution
		SolutionGuid = {36780669-4825-4735-9061-B477E655F9FA}
	EndGlobalSection
EndGlobal
